
Microsoft Visual Studio Solution File, Format Version 12.00
# Visual Studio 2012
Project("{8BC9CEB8-8B4A-11D0-8D11-00A0C91BC942}") = "Close_WinIo_service", "Close_WinIo_service\Close_WinIo_service.vcxproj", "{8112EAC3-AA38-4D53-8D8A-AA1446ED055A}"
EndProject
Global
	GlobalSection(SolutionConfigurationPlatforms) = preSolution
		Debug|Win32 = Debug|Win32
		Release|Win32 = Release|Win32
	EndGlobalSection
	GlobalSection(ProjectConfigurationPlatforms) = postSolution
		{8112EAC3-AA38-4D53-8D8A-AA1446ED055A}.Debug|Win32.ActiveCfg = Debug|Win32
		{8112EAC3-AA38-4D53-8D8A-AA1446ED055A}.Debug|Win32.Build.0 = Debug|Win32
		{8112EAC3-AA38-4D53-8D8A-AA1446ED055A}.Release|Win32.ActiveCfg = Release|Win32
		{8112EAC3-AA38-4D53-8D8A-AA1446ED055A}.Release|Win32.Build.0 = Release|Win32
	EndGlobalSection
	GlobalSection(SolutionProperties) = preSolution
		HideSolutionNode = FALSE
	EndGlobalSection
EndGlobal
